{
  "nodes": {
    "nixpkgs": {
      "locked": {
        "lastModified": 1702151865,
        "narHash": "sha256-9VAt19t6yQa7pHZLDbil/QctAgVsA66DLnzdRGqDisg=",
        "path": "/nix/store/nn17kpb3mlp3kdhi4vm1m71w0m68f1gk-source",
        "rev": "666fc80e7b2afb570462423cb0e1cf1a3a34fedd",
        "type": "path"
      },
      "original": {
        "id": "nixpkgs",
        "type": "indirect"
      }
    },
    "root": {
      "inputs": {
        "nixpkgs": "nixpkgs"
      }
    }
  },
  "root": "root",
  "version": 7
}
